{
  "name": "scripts",
  "version": "1.0.0",
  "lockfileVersion": 3,
  "requires": true,
  "packages": {
    "": {
      "name": "scripts",
      "version": "1.0.0",
      "license": "ISC",
      "dependencies": {
        "typograf": "^7.7.0"
      }
    },
    "node_modules/typograf": {
      "version": "7.7.0",
      "resolved": "https://registry.npmjs.org/typograf/-/typograf-7.7.0.tgz",
      "integrity": "sha512-VaUj5T5KjAeXVsGdSJsaKaxiPq/dC1WB+xo+Y0aclUQ+omBQvCejqCk3t5QEY8n0OnTRYvUiPd2/rod1KAQzxA==",
      "license": "MIT",
      "engines": {
        "node": ">= 4"
      }
    }
  }
}
